
Microsoft Visual Studio Solution File, Format Version 12.00
# Visual Studio Version 17
VisualStudioVersion = 17.0.31717.71
MinimumVisualStudioVersion = 10.0.40219.1
Project("{FAE04EC0-301F-11D3-BF4B-00C04F79EFBC}") = "PAD.LAB1.Shared", "PAD.LAB1.Shared\PAD.LAB1.Shared.csproj", "{59B4EC27-F6C9-4775-86AC-7DB0850EA2A9}"
EndProject
Project("{FAE04EC0-301F-11D3-BF4B-00C04F79EFBC}") = "PAD.LAB1.Broker", "PAD.LAB1.Broker\PAD.LAB1.Broker.csproj", "{C85CE94F-E2F3-4119-9811-2223A35FFF2D}"
EndProject
Project("{FAE04EC0-301F-11D3-BF4B-00C04F79EFBC}") = "PAD.LAB1.Client", "PAD.LAB1.Client\PAD.LAB1.Client.csproj", "{B8DC061A-1DF1-4DC2-A586-120D058F9C55}"
EndProject
Project("{2150E333-8FDC-42A3-9474-1A3956D46DE8}") = "UI", "UI", "{1B927C38-A229-4B85-BB08-7D2EB736A0EE}"
EndProject
Project("{2150E333-8FDC-42A3-9474-1A3956D46DE8}") = "BackEnd", "BackEnd", "{8AA5147E-F6CB-4F0C-9457-E21242460C90}"
EndProject
Project("{2150E333-8FDC-42A3-9474-1A3956D46DE8}") = "Network", "Network", "{3D6746DF-0802-484B-94BF-3FFF7D34F4BA}"
EndProject
Project("{FAE04EC0-301F-11D3-BF4B-00C04F79EFBC}") = "PAD.LAB1.Core", "PAD.LAB1.Core\PAD.LAB1.Core.csproj", "{4190290E-4958-4086-91DF-6C1F36888C79}"
EndProject
Project("{FAE04EC0-301F-11D3-BF4B-00C04F79EFBC}") = "PAD.LAB1.WinUI", "PAD.LAB1.WinUI\PAD.LAB1.WinUI.csproj", "{B6DFC4D1-F8B8-47E0-9099-4F7F5278E474}"
EndProject
Global
	GlobalSection(SolutionConfigurationPlatforms) = preSolution
		Debug|Any CPU = Debug|Any CPU
		Release|Any CPU = Release|Any CPU
	EndGlobalSection
	GlobalSection(ProjectConfigurationPlatforms) = postSolution
		{59B4EC27-F6C9-4775-86AC-7DB0850EA2A9}.Debug|Any CPU.ActiveCfg = Debug|Any CPU
		{59B4EC27-F6C9-4775-86AC-7DB0850EA2A9}.Debug|Any CPU.Build.0 = Debug|Any CPU
		{59B4EC27-F6C9-4775-86AC-7DB0850EA2A9}.Release|Any CPU.ActiveCfg = Release|Any CPU
		{59B4EC27-F6C9-4775-86AC-7DB0850EA2A9}.Release|Any CPU.Build.0 = Release|Any CPU
		{C85CE94F-E2F3-4119-9811-2223A35FFF2D}.Debug|Any CPU.ActiveCfg = Debug|Any CPU
		{C85CE94F-E2F3-4119-9811-2223A35FFF2D}.Debug|Any CPU.Build.0 = Debug|Any CPU
		{C85CE94F-E2F3-4119-9811-2223A35FFF2D}.Release|Any CPU.ActiveCfg = Release|Any CPU
		{C85CE94F-E2F3-4119-9811-2223A35FFF2D}.Release|Any CPU.Build.0 = Release|Any CPU
		{B8DC061A-1DF1-4DC2-A586-120D058F9C55}.Debug|Any CPU.ActiveCfg = Debug|Any CPU
		{B8DC061A-1DF1-4DC2-A586-120D058F9C55}.Debug|Any CPU.Build.0 = Debug|Any CPU
		{B8DC061A-1DF1-4DC2-A586-120D058F9C55}.Release|Any CPU.ActiveCfg = Release|Any CPU
		{B8DC061A-1DF1-4DC2-A586-120D058F9C55}.Release|Any CPU.Build.0 = Release|Any CPU
		{4190290E-4958-4086-91DF-6C1F36888C79}.Debug|Any CPU.ActiveCfg = Debug|Any CPU
		{4190290E-4958-4086-91DF-6C1F36888C79}.Debug|Any CPU.Build.0 = Debug|Any CPU
		{4190290E-4958-4086-91DF-6C1F36888C79}.Release|Any CPU.ActiveCfg = Release|Any CPU
		{4190290E-4958-4086-91DF-6C1F36888C79}.Release|Any CPU.Build.0 = Release|Any CPU
		{B6DFC4D1-F8B8-47E0-9099-4F7F5278E474}.Debug|Any CPU.ActiveCfg = Debug|Any CPU
		{B6DFC4D1-F8B8-47E0-9099-4F7F5278E474}.Debug|Any CPU.Build.0 = Debug|Any CPU
		{B6DFC4D1-F8B8-47E0-9099-4F7F5278E474}.Release|Any CPU.ActiveCfg = Release|Any CPU
		{B6DFC4D1-F8B8-47E0-9099-4F7F5278E474}.Release|Any CPU.Build.0 = Release|Any CPU
	EndGlobalSection
	GlobalSection(SolutionProperties) = preSolution
		HideSolutionNode = FALSE
	EndGlobalSection
	GlobalSection(NestedProjects) = preSolution
		{59B4EC27-F6C9-4775-86AC-7DB0850EA2A9} = {8AA5147E-F6CB-4F0C-9457-E21242460C90}
		{C85CE94F-E2F3-4119-9811-2223A35FFF2D} = {3D6746DF-0802-484B-94BF-3FFF7D34F4BA}
		{B8DC061A-1DF1-4DC2-A586-120D058F9C55} = {3D6746DF-0802-484B-94BF-3FFF7D34F4BA}
		{3D6746DF-0802-484B-94BF-3FFF7D34F4BA} = {8AA5147E-F6CB-4F0C-9457-E21242460C90}
		{4190290E-4958-4086-91DF-6C1F36888C79} = {1B927C38-A229-4B85-BB08-7D2EB736A0EE}
		{B6DFC4D1-F8B8-47E0-9099-4F7F5278E474} = {1B927C38-A229-4B85-BB08-7D2EB736A0EE}
	EndGlobalSection
	GlobalSection(ExtensibilityGlobals) = postSolution
		SolutionGuid = {1001E442-F6DD-44F4-B673-57A7D2AA6F4D}
	EndGlobalSection
EndGlobal
